// !$*UTF8*$!
{
	archiveVersion = 1;
	classes = {
	};
	objectVersion = 46;
	objects = {

/* Begin PBXBuildFile section */
		667CDE451ED5BA1600FEA215 /* AppDelegate.swift in Sources */ = {isa = PBXBuildFile; fileRef = 667CDE441ED5BA1600FEA215 /* AppDelegate.swift */; };
		667CDE4A1ED5BA1600FEA215 /* Main.storyboard in Resources */ = {isa = PBXBuildFile; fileRef = 667CDE481ED5BA1600FEA215 /* Main.storyboard */; };
		667CDE4C1ED5BA1600FEA215 /* Assets.xcassets in Resources */ = {isa = PBXBuildFile; fileRef = 667CDE4B1ED5BA1600FEA215 /* Assets.xcassets */; };
		667CDE4F1ED5BA1600FEA215 /* LaunchScreen.storyboard in Resources */ = {isa = PBXBuildFile; fileRef = 667CDE4D1ED5BA1600FEA215 /* LaunchScreen.storyboard */; };
		667CDE591ED5D97C00FEA215 /* PuppyTableViewController.swift in Sources */ = {isa = PBXBuildFile; fileRef = 667CDE581ED5D97C00FEA215 /* PuppyTableViewController.swift */; };
		667CDE5B1ED5D98800FEA215 /* PuppyDetailViewController.swift in Sources */ = {isa = PBXBuildFile; fileRef = 667CDE5A1ED5D98800FEA215 /* PuppyDetailViewController.swift */; };
		667CDE5D1ED5DA2C00FEA215 /* PuppyTableViewCell.swift in Sources */ = {isa = PBXBuildFile; fileRef = 667CDE5C1ED5DA2C00FEA215 /* PuppyTableViewCell.swift */; };
		667CDE601ED5DC1F00FEA215 /* Puppy.swift in Sources */ = {isa = PBXBuildFile; fileRef = 667CDE5F1ED5DC1F00FEA215 /* Puppy.swift */; };
/* End PBXBuildFile section */

/* Begin PBXFileReference section */
		667CDE411ED5BA1600FEA215 /* MDPuppies.app */ = {isa = PBXFileReference; explicitFileType = wrapper.application; includeInIndex = 0; path = MDPuppies.app; sourceTree = BUILT_PRODUCTS_DIR; };
		667CDE441ED5BA1600FEA215 /* AppDelegate.swift */ = {isa = PBXFileReference; lastKnownFileType = sourcecode.swift; path = AppDelegate.swift; sourceTree = "<group>"; };
		667CDE491ED5BA1600FEA215 /* Base */ = {isa = PBXFileReference; lastKnownFileType = file.storyboard; name = Base; path = Base.lproj/Main.storyboard; sourceTree = "<group>"; };
		667CDE4B1ED5BA1600FEA215 /* Assets.xcassets */ = {isa = PBXFileReference; lastKnownFileType = folder.assetcatalog; path = Assets.xcassets; sourceTree = "<group>"; };
		667CDE4E1ED5BA1600FEA215 /* Base */ = {isa = PBXFileReference; lastKnownFileType = file.storyboard; name = Base; path = Base.lproj/LaunchScreen.storyboard; sourceTree = "<group>"; };
		667CDE501ED5BA1600FEA215 /* Info.plist */ = {isa = PBXFileReference; lastKnownFileType = text.plist.xml; path = Info.plist; sourceTree = "<group>"; };
		667CDE581ED5D97C00FEA215 /* PuppyTableViewController.swift */ = {isa = PBXFileReference; fileEncoding = 4; lastKnownFileType = sourcecode.swift; path = PuppyTableViewController.swift; sourceTree = "<group>"; };
		667CDE5A1ED5D98800FEA215 /* PuppyDetailViewController.swift */ = {isa = PBXFileReference; fileEncoding = 4; lastKnownFileType = sourcecode.swift; path = PuppyDetailViewController.swift; sourceTree = "<group>"; };
		667CDE5C1ED5DA2C00FEA215 /* PuppyTableViewCell.swift */ = {isa = PBXFileReference; fileEncoding = 4; lastKnownFileType = sourcecode.swift; path = PuppyTableViewCell.swift; sourceTree = "<group>"; };
		667CDE5F1ED5DC1F00FEA215 /* Puppy.swift */ = {isa = PBXFileReference; fileEncoding = 4; lastKnownFileType = sourcecode.swift; path = Puppy.swift; sourceTree = "<group>"; };
/* End PBXFileReference section */

/* Begin PBXFrameworksBuildPhase section */
		667CDE3E1ED5BA1600FEA215 /* Frameworks */ = {
			isa = PBXFrameworksBuildPhase;
			buildActionMask = 2147483647;
			files = (
			);
			runOnlyForDeploymentPostprocessing = 0;
		};
/* End PBXFrameworksBuildPhase section */

/* Begin PBXGroup section */
		667CDE381ED5BA1600FEA215 = {
			isa = PBXGroup;
			children = (
				667CDE431ED5BA1600FEA215 /* MDPuppies */,
				667CDE421ED5BA1600FEA215 /* Products */,
			);
			sourceTree = "<group>";
		};
		667CDE421ED5BA1600FEA215 /* Products */ = {
			isa = PBXGroup;
			children = (
				667CDE411ED5BA1600FEA215 /* MDPuppies.app */,
			);
			name = Products;
			sourceTree = "<group>";
		};
		667CDE431ED5BA1600FEA215 /* MDPuppies */ = {
			isa = PBXGroup;
			children = (
				667CDE5E1ED5DC1100FEA215 /* Models */,
				667CDE571ED5D3F500FEA215 /* Views */,
				667CDE561ED5D3E900FEA215 /* ViewControllers */,
				667CDE441ED5BA1600FEA215 /* AppDelegate.swift */,
				667CDE481ED5BA1600FEA215 /* Main.storyboard */,
				667CDE4B1ED5BA1600FEA215 /* Assets.xcassets */,
				667CDE4D1ED5BA1600FEA215 /* LaunchScreen.storyboard */,
				667CDE501ED5BA1600FEA215 /* Info.plist */,
			);
			path = MDPuppies;
			sourceTree = "<group>";
		};
		667CDE561ED5D3E900FEA215 /* ViewControllers */ = {
			isa = PBXGroup;
			children = (
				667CDE581ED5D97C00FEA215 /* PuppyTableViewController.swift */,
				667CDE5A1ED5D98800FEA215 /* PuppyDetailViewController.swift */,
			);
			name = ViewControllers;
			sourceTree = "<group>";
		};
		667CDE571ED5D3F500FEA215 /* Views */ = {
			isa = PBXGroup;
			children = (
				667CDE5C1ED5DA2C00FEA215 /* PuppyTableViewCell.swift */,
			);
			name = Views;
			sourceTree = "<group>";
		};
		667CDE5E1ED5DC1100FEA215 /* Models */ = {
			isa = PBXGroup;
			children = (
				667CDE5F1ED5DC1F00FEA215 /* Puppy.swift */,
			);
			name = Models;
			sourceTree = "<group>";
		};
/* End PBXGroup section */

/* Begin PBXNativeTarget section */
		667CDE401ED5BA1600FEA215 /* MDPuppies */ = {
			isa = PBXNativeTarget;
			buildConfigurationList = 667CDE531ED5BA1600FEA215 /* Build configuration list for PBXNativeTarget "MDPuppies" */;
			buildPhases = (
				667CDE3D1ED5BA1600FEA215 /* Sources */,
				667CDE3E1ED5BA1600FEA215 /* Frameworks */,
				667CDE3F1ED5BA1600FEA215 /* Resources */,
			);
			buildRules = (
			);
			dependencies = (
			);
			name = MDPuppies;
			productName = MDPuppies;
			productReference = 667CDE411ED5BA1600FEA215 /* MDPuppies.app */;
			productType = "com.apple.product-type.application";
		};
/* End PBXNativeTarget section */

/* Begin PBXProject section */
		667CDE391ED5BA1600FEA215 /* Project object */ = {
			isa = PBXProject;
			attributes = {
				LastSwiftUpdateCheck = 0830;
				LastUpgradeCheck = 0830;
				ORGANIZATIONNAME = "Alex Dunn";
				TargetAttributes = {
					667CDE401ED5BA1600FEA215 = {
						CreatedOnToolsVersion = 8.3.2;
						ProvisioningStyle = Automatic;
					};
				};
			};
			buildConfigurationList = 667CDE3C1ED5BA1600FEA215 /* Build configuration list for PBXProject "MDPuppies" */;
			compatibilityVersion = "Xcode 3.2";
			developmentRegion = English;
			hasScannedForEncodings = 0;
			knownRegions = (
				en,
				Base,
			);
			mainGroup = 667CDE381ED5BA1600FEA215;
			productRefGroup = 667CDE421ED5BA1600FEA215 /* Products */;
			projectDirPath = "";
			projectRoot = "";
			targets = (
				667CDE401ED5BA1600FEA215 /* MDPuppies */,
			);
		};
/* End PBXProject section */

/* Begin PBXResourcesBuildPhase section */
		667CDE3F1ED5BA1600FEA215 /* Resources */ = {
			isa = PBXResourcesBuildPhase;
			buildActionMask = 2147483647;
			files = (
				667CDE4F1ED5BA1600FEA215 /* LaunchScreen.storyboard in Resources */,
				667CDE4C1ED5BA1600FEA215 /* Assets.xcassets in Resources */,
				667CDE4A1ED5BA1600FEA215 /* Main.storyboard in Resources */,
			);
			runOnlyForDeploymentPostprocessing = 0;
		};
/* End PBXResourcesBuildPhase section */

/* Begin PBXSourcesBuildPhase section */
		667CDE3D1ED5BA1600FEA215 /* Sources */ = {
			isa = PBXSourcesBuildPhase;
			buildActionMask = 2147483647;
			files = (
				667CDE5D1ED5DA2C00FEA215 /* PuppyTableViewCell.swift in Sources */,
				667CDE591ED5D97C00FEA215 /* PuppyTableViewController.swift in Sources */,
				667CDE451ED5BA1600FEA215 /* AppDelegate.swift in Sources */,
				667CDE601ED5DC1F00FEA215 /* Puppy.swift in Sources */,
				667CDE5B1ED5D98800FEA215 /* PuppyDetailViewController.swift in Sources */,
			);
			runOnlyForDeploymentPostprocessing = 0;
		};
/* End PBXSourcesBuildPhase section */

/* Begin PBXVariantGroup section */
		667CDE481ED5BA1600FEA215 /* Main.storyboard */ = {
			isa = PBXVariantGroup;
			children = (
				667CDE491ED5BA1600FEA215 /* Base */,
			);
			name = Main.storyboard;
			sourceTree = "<group>";
		};
		667CDE4D1ED5BA1600FEA215 /* LaunchScreen.storyboard */ = {
			isa = PBXVariantGroup;
			children = (
				667CDE4E1ED5BA1600FEA215 /* Base */,
			);
			name = LaunchScreen.storyboard;
			sourceTree = "<group>";
		};
/* End PBXVariantGroup section */

/* Begin XCBuildConfiguration section */
		667CDE511ED5BA1600FEA215 /* Debug */ = {
			isa = XCBuildConfiguration;
			buildSettings = {
				ALWAYS_SEARCH_USER_PATHS = NO;
				CLANG_ANALYZER_NONNULL = YES;
				CLANG_ANALYZER_NUMBER_OBJECT_CONVERSION = YES_AGGRESSIVE;
				CLANG_CXX_LANGUAGE_STANDARD = "gnu++0x";
				CLANG_CXX_LIBRARY = "libc++";
				CLANG_ENABLE_MODULES = YES;
				CLANG_ENABLE_OBJC_ARC = YES;
				CLANG_WARN_BOOL_CONVERSION = YES;
				CLANG_WARN_CONSTANT_CONVERSION = YES;
				CLANG_WARN_DIRECT_OBJC_ISA_USAGE = YES_ERROR;
				CLANG_WARN_DOCUMENTATION_COMMENTS = YES;
				CLANG_WARN_EMPTY_BODY = YES;
				CLANG_WARN_ENUM_CONVERSION = YES;
				CLANG_WARN_INFINITE_RECURSION = YES;
				CLANG_WARN_INT_CONVERSION = YES;
				CLANG_WARN_OBJC_ROOT_CLASS = YES_ERROR;
				CLANG_WARN_SUSPICIOUS_MOVE = YES;
				CLANG_WARN_UNREACHABLE_CODE = YES;
				CLANG_WARN__DUPLICATE_METHOD_MATCH = YES;
				"CODE_SIGN_IDENTITY[sdk=iphoneos*]" = "iPhone Developer";
				COPY_PHASE_STRIP = NO;
				DEBUG_INFORMATION_FORMAT = dwarf;
				ENABLE_STRICT_OBJC_MSGSEND = YES;
				ENABLE_TESTABILITY = YES;
				GCC_C_LANGUAGE_STANDARD = gnu99;
				GCC_DYNAMIC_NO_PIC = NO;
				GCC_NO_COMMON_BLOCKS = YES;
				GCC_OPTIMIZATION_LEVEL = 0;
				GCC_PREPROCESSOR_DEFINITIONS = (
					"DEBUG=1",
					"$(inherited)",
				);
				GCC_WARN_64_TO_32_BIT_CONVERSION = YES;
				GCC_WARN_ABOUT_RETURN_TYPE = YES_ERROR;
				GCC_WARN_UNDECLARED_SELECTOR = YES;
				GCC_WARN_UNINITIALIZED_AUTOS = YES_AGGRESSIVE;
				GCC_WARN_UNUSED_FUNCTION = YES;
				GCC_WARN_UNUSED_VARIABLE = YES;
				IPHONEOS_DEPLOYMENT_TARGET = 10.3;
				MTL_ENABLE_DEBUG_INFO = YES;
				ONLY_ACTIVE_ARCH = YES;
				SDKROOT = iphoneos;
				SWIFT_ACTIVE_COMPILATION_CONDITIONS = DEBUG;
				SWIFT_OPTIMIZATION_LEVEL = "-Onone";
				TARGETED_DEVICE_FAMILY = "1,2";
			};
			name = Debug;
		};
		667CDE521ED5BA1600FEA215 /* Release */ = {
			isa = XCBuildConfiguration;
			buildSettings = {
				ALWAYS_SEARCH_USER_PATHS = NO;
				CLANG_ANALYZER_NONNULL = YES;
				CLANG_ANALYZER_NUMBER_OBJECT_CONVERSION = YES_AGGRESSIVE;
				CLANG_CXX_LANGUAGE_STANDARD = "gnu++0x";
				CLANG_CXX_LIBRARY = "libc++";
				CLANG_ENABLE_MODULES = YES;
				CLANG_ENABLE_OBJC_ARC = YES;
				CLANG_WARN_BOOL_CONVERSION = YES;
				CLANG_WARN_CONSTANT_CONVERSION = YES;
				CLANG_WARN_DIRECT_OBJC_ISA_USAGE = YES_ERROR;
				CLANG_WARN_DOCUMENTATION_COMMENTS = YES;
				CLANG_WARN_EMPTY_BODY = YES;
				CLANG_WARN_ENUM_CONVERSION = YES;
				CLANG_WARN_INFINITE_RECURSION = YES;
				CLANG_WARN_INT_CONVERSION = YES;
				CLANG_WARN_OBJC_ROOT_CLASS = YES_ERROR;
				CLANG_WARN_SUSPICIOUS_MOVE = YES;
				CLANG_WARN_UNREACHABLE_CODE = YES;
				CLANG_WARN__DUPLICATE_METHOD_MATCH = YES;
				"CODE_SIGN_IDENTITY[sdk=iphoneos*]" = "iPhone Developer";
				COPY_PHASE_STRIP = NO;
				DEBUG_INFORMATION_FORMAT = "dwarf-with-dsym";
				ENABLE_NS_ASSERTIONS = NO;
				ENABLE_STRICT_OBJC_MSGSEND = YES;
				GCC_C_LANGUAGE_STANDARD = gnu99;
				GCC_NO_COMMON_BLOCKS = YES;
				GCC_WARN_64_TO_32_BIT_CONVERSION = YES;
				GCC_WARN_ABOUT_RETURN_TYPE = YES_ERROR;
				GCC_WARN_UNDECLARED_SELECTOR = YES;
				GCC_WARN_UNINITIALIZED_AUTOS = YES_AGGRESSIVE;
				GCC_WARN_UNUSED_FUNCTION = YES;
				GCC_WARN_UNUSED_VARIABLE = YES;
				IPHONEOS_DEPLOYMENT_TARGET = 10.3;
				MTL_ENABLE_DEBUG_INFO = NO;
				SDKROOT = iphoneos;
				SWIFT_OPTIMIZATION_LEVEL = "-Owholemodule";
				TARGETED_DEVICE_FAMILY = "1,2";
				VALIDATE_PRODUCT = YES;
			};
			name = Release;
		};
		667CDE541ED5BA1600FEA215 /* Debug */ = {
			isa = XCBuildConfiguration;
			buildSettings = {
				ASSETCATALOG_COMPILER_APPICON_NAME = AppIcon;
				INFOPLIST_FILE = MDPuppies/Info.plist;
				LD_RUNPATH_SEARCH_PATHS = "$(inherited) @executable_path/Frameworks";
				PRODUCT_BUNDLE_IDENTIFIER = com.suavepirate.MDPuppies;
				PRODUCT_NAME = "$(TARGET_NAME)";
				SWIFT_VERSION = 3.0;
			};
			name = Debug;
		};
		667CDE551ED5BA1600FEA215 /* Release */ = {
			isa = XCBuildConfiguration;
			buildSettings = {
				ASSETCATALOG_COMPILER_APPICON_NAME = AppIcon;
				INFOPLIST_FILE = MDPuppies/Info.plist;
				LD_RUNPATH_SEARCH_PATHS = "$(inherited) @executable_path/Frameworks";
				PRODUCT_BUNDLE_IDENTIFIER = com.suavepirate.MDPuppies;
				PRODUCT_NAME = "$(TARGET_NAME)";
				SWIFT_VERSION = 3.0;
			};
			name = Release;
		};
/* End XCBuildConfiguration section */

/* Begin XCConfigurationList section */
		667CDE3C1ED5BA1600FEA215 /* Build configuration list for PBXProject "MDPuppies" */ = {
			isa = XCConfigurationList;
			buildConfigurations = (
				667CDE511ED5BA1600FEA215 /* Debug */,
				667CDE521ED5BA1600FEA215 /* Release */,
			);
			defaultConfigurationIsVisible = 0;
			defaultConfigurationName = Release;
		};
		667CDE531ED5BA1600FEA215 /* Build configuration list for PBXNativeTarget "MDPuppies" */ = {
			isa = XCConfigurationList;
			buildConfigurations = (
				667CDE541ED5BA1600FEA215 /* Debug */,
				667CDE551ED5BA1600FEA215 /* Release */,
			);
			defaultConfigurationIsVisible = 0;
		};
/* End XCConfigurationList section */
	};
	rootObject = 667CDE391ED5BA1600FEA215 /* Project object */;
}
